
Microsoft Visual Studio Solution File, Format Version 12.00
# Visual Studio Version 17
VisualStudioVersion = 17.3.32825.248
MinimumVisualStudioVersion = 10.0.40219.1
Project("{9A19103F-16F7-4668-BE54-9A1E7A4F7556}") = "ProcessOpenStreetMap", "ProcessOpenStreetMap\ProcessOpenStreetMap.csproj", "{BF9A769D-D060-46FA-A3C2-1AB41E5D54A1}"
EndProject
Project("{FAE04EC0-301F-11D3-BF4B-00C04F79EFBC}") = "GatherAWSData", "GatherAWSData\GatherAWSData.csproj", "{D93F2632-4509-4973-93E6-1503B3B76FE7}"
EndProject
Global
	GlobalSection(SolutionConfigurationPlatforms) = preSolution
		Debug|Any CPU = Debug|Any CPU
		Release|Any CPU = Release|Any CPU
	EndGlobalSection
	GlobalSection(ProjectConfigurationPlatforms) = postSolution
		{BF9A769D-D060-46FA-A3C2-1AB41E5D54A1}.Debug|Any CPU.ActiveCfg = Debug|Any CPU
		{BF9A769D-D060-46FA-A3C2-1AB41E5D54A1}.Debug|Any CPU.Build.0 = Debug|Any CPU
		{BF9A769D-D060-46FA-A3C2-1AB41E5D54A1}.Release|Any CPU.ActiveCfg = Release|Any CPU
		{BF9A769D-D060-46FA-A3C2-1AB41E5D54A1}.Release|Any CPU.Build.0 = Release|Any CPU
		{D93F2632-4509-4973-93E6-1503B3B76FE7}.Debug|Any CPU.ActiveCfg = Debug|Any CPU
		{D93F2632-4509-4973-93E6-1503B3B76FE7}.Debug|Any CPU.Build.0 = Debug|Any CPU
		{D93F2632-4509-4973-93E6-1503B3B76FE7}.Release|Any CPU.ActiveCfg = Release|Any CPU
		{D93F2632-4509-4973-93E6-1503B3B76FE7}.Release|Any CPU.Build.0 = Release|Any CPU
	EndGlobalSection
	GlobalSection(SolutionProperties) = preSolution
		HideSolutionNode = FALSE
	EndGlobalSection
	GlobalSection(ExtensibilityGlobals) = postSolution
		SolutionGuid = {3B16877B-EBF4-4E88-99FB-0AE4A034C613}
	EndGlobalSection
EndGlobal
